{
  "name": "NewProject_1",
  "lockfileVersion": 3,
  "requires": true,
  "packages": {
    "": {
      "name": "NewProject_1",
      "dependencies": {
        "@cocos/creator-types": "^3.8.2"
      }
    },
    "node_modules/@cocos/creator-types": {
      "version": "3.8.2",
      "resolved": "https://registry.npmjs.org/@cocos/creator-types/-/creator-types-3.8.2.tgz",
      "integrity": "sha512-+5T1ihtdmwZ9X7lwASMhXrwqLxc6slcuHEX7ylbDbzVANChq9kYMF7I+hinEg5y1l5AAxd+Q+WBLwgZAA+4UIQ=="
    }
  }
}
